// !$*UTF8*$!
{
	archiveVersion = 1;
	classes = {
	};
	objectVersion = 77;
	objects = {

/* Begin PBXBuildFile section */
		BB74768B2F66194D0033E084 /* EmojiPicker in Frameworks */ = {isa = PBXBuildFile; productRef = BB74768A2F66194D0033E084 /* EmojiPicker */; };
		BB74768E2F66195F0033E084 /* SFSymbolPicker in Frameworks */ = {isa = PBXBuildFile; productRef = BB74768D2F66195F0033E084 /* SFSymbolPicker */; };
		BBADF4ED2F65BB3E00B05DEE /* IconComposerFormat in Frameworks */ = {isa = PBXBuildFile; productRef = BBADF4EC2F65BB3E00B05DEE /* IconComposerFormat */; };
		BBADF4EF2F65BB3E00B05DEE /* IconRendering in Frameworks */ = {isa = PBXBuildFile; productRef = BBADF4EE2F65BB3E00B05DEE /* IconRendering */; };
		BBADF4F12F65BB3E00B05DEE /* SVGRasterizer in Frameworks */ = {isa = PBXBuildFile; productRef = BBADF4F02F65BB3E00B05DEE /* SVGRasterizer */; };
		BBADF4F32F65BB3E00B05DEE /* SVGXML in Frameworks */ = {isa = PBXBuildFile; productRef = BBADF4F22F65BB3E00B05DEE /* SVGXML */; };
/* End PBXBuildFile section */

/* Begin PBXFileReference section */
		BBADF4DD2F65BAF600B05DEE /* IconComposerLite.app */ = {isa = PBXFileReference; explicitFileType = wrapper.application; includeInIndex = 0; path = IconComposerLite.app; sourceTree = BUILT_PRODUCTS_DIR; };
/* End PBXFileReference section */

/* Begin PBXFileSystemSynchronizedRootGroup section */
		BBADF4DF2F65BAF600B05DEE /* IconComposerLite */ = {
			isa = PBXFileSystemSynchronizedRootGroup;
			path = IconComposerLite;
			sourceTree = "<group>";
		};
/* End PBXFileSystemSynchronizedRootGroup section */

/* Begin PBXFrameworksBuildPhase section */
		BBADF4DA2F65BAF600B05DEE /* Frameworks */ = {
			isa = PBXFrameworksBuildPhase;
			buildActionMask = 2147483647;
			files = (
				BBADF4F12F65BB3E00B05DEE /* SVGRasterizer in Frameworks */,
				BB74768E2F66195F0033E084 /* SFSymbolPicker in Frameworks */,
				BBADF4EF2F65BB3E00B05DEE /* IconRendering in Frameworks */,
				BBADF4ED2F65BB3E00B05DEE /* IconComposerFormat in Frameworks */,
				BB74768B2F66194D0033E084 /* EmojiPicker in Frameworks */,
				BBADF4F32F65BB3E00B05DEE /* SVGXML in Frameworks */,
			);
			runOnlyForDeploymentPostprocessing = 0;
		};
/* End PBXFrameworksBuildPhase section */

/* Begin PBXGroup section */
		BBADF4D42F65BAF600B05DEE = {
			isa = PBXGroup;
			children = (
				BBADF4DF2F65BAF600B05DEE /* IconComposerLite */,
				BBADF4DE2F65BAF600B05DEE /* Products */,
			);
			sourceTree = "<group>";
		};
		BBADF4DE2F65BAF600B05DEE /* Products */ = {
			isa = PBXGroup;
			children = (
				BBADF4DD2F65BAF600B05DEE /* IconComposerLite.app */,
			);
			name = Products;
			sourceTree = "<group>";
		};
/* End PBXGroup section */

/* Begin PBXNativeTarget section */
		BBADF4DC2F65BAF600B05DEE /* IconComposerLite */ = {
			isa = PBXNativeTarget;
			buildConfigurationList = BBADF4E82F65BAF800B05DEE /* Build configuration list for PBXNativeTarget "IconComposerLite" */;
			buildPhases = (
				BBADF4D92F65BAF600B05DEE /* Sources */,
				BBADF4DA2F65BAF600B05DEE /* Frameworks */,
				BBADF4DB2F65BAF600B05DEE /* Resources */,
			);
			buildRules = (
			);
			dependencies = (
			);
			fileSystemSynchronizedGroups = (
				BBADF4DF2F65BAF600B05DEE /* IconComposerLite */,
			);
			name = IconComposerLite;
			packageProductDependencies = (
				BBADF4EC2F65BB3E00B05DEE /* IconComposerFormat */,
				BBADF4EE2F65BB3E00B05DEE /* IconRendering */,
				BBADF4F02F65BB3E00B05DEE /* SVGRasterizer */,
				BBADF4F22F65BB3E00B05DEE /* SVGXML */,
				BB74768A2F66194D0033E084 /* EmojiPicker */,
				BB74768D2F66195F0033E084 /* SFSymbolPicker */,
			);
			productName = IconComposerLite;
			productReference = BBADF4DD2F65BAF600B05DEE /* IconComposerLite.app */;
			productType = "com.apple.product-type.application";
		};
/* End PBXNativeTarget section */

/* Begin PBXProject section */
		BBADF4D52F65BAF600B05DEE /* Project object */ = {
			isa = PBXProject;
			attributes = {
				BuildIndependentTargetsInParallel = 1;
				LastSwiftUpdateCheck = 2630;
				LastUpgradeCheck = 2630;
				TargetAttributes = {
					BBADF4DC2F65BAF600B05DEE = {
						CreatedOnToolsVersion = 26.3;
					};
				};
			};
			buildConfigurationList = BBADF4D82F65BAF600B05DEE /* Build configuration list for PBXProject "IconComposerLite" */;
			developmentRegion = en;
			hasScannedForEncodings = 0;
			knownRegions = (
				en,
				Base,
			);
			mainGroup = BBADF4D42F65BAF600B05DEE;
			minimizedProjectReferenceProxies = 1;
			packageReferences = (
				BBADF4EB2F65BB3E00B05DEE /* XCRemoteSwiftPackageReference "icon-generator" */,
				BB7476892F66194D0033E084 /* XCRemoteSwiftPackageReference "EmojiPicker" */,
				BB74768C2F66195F0033E084 /* XCRemoteSwiftPackageReference "SFSymbolPicker" */,
			);
			preferredProjectObjectVersion = 77;
			productRefGroup = BBADF4DE2F65BAF600B05DEE /* Products */;
			projectDirPath = "";
			projectRoot = "";
			targets = (
				BBADF4DC2F65BAF600B05DEE /* IconComposerLite */,
			);
		};
/* End PBXProject section */

/* Begin PBXResourcesBuildPhase section */
		BBADF4DB2F65BAF600B05DEE /* Resources */ = {
			isa = PBXResourcesBuildPhase;
			buildActionMask = 2147483647;
			files = (
			);
			runOnlyForDeploymentPostprocessing = 0;
		};
/* End PBXResourcesBuildPhase section */

/* Begin PBXSourcesBuildPhase section */
		BBADF4D92F65BAF600B05DEE /* Sources */ = {
			isa = PBXSourcesBuildPhase;
			buildActionMask = 2147483647;
			files = (
			);
			runOnlyForDeploymentPostprocessing = 0;
		};
/* End PBXSourcesBuildPhase section */

/* Begin XCBuildConfiguration section */
		BBADF4E62F65BAF800B05DEE /* Debug */ = {
			isa = XCBuildConfiguration;
			buildSettings = {
				ALWAYS_SEARCH_USER_PATHS = NO;
				ASSETCATALOG_COMPILER_GENERATE_SWIFT_ASSET_SYMBOL_EXTENSIONS = YES;
				CLANG_ANALYZER_NONNULL = YES;
				CLANG_ANALYZER_NUMBER_OBJECT_CONVERSION = YES_AGGRESSIVE;
				CLANG_CXX_LANGUAGE_STANDARD = "gnu++20";
				CLANG_ENABLE_MODULES = YES;
				CLANG_ENABLE_OBJC_ARC = YES;
				CLANG_ENABLE_OBJC_WEAK = YES;
				CLANG_WARN_BLOCK_CAPTURE_AUTORELEASING = YES;
				CLANG_WARN_BOOL_CONVERSION = YES;
				CLANG_WARN_COMMA = YES;
				CLANG_WARN_CONSTANT_CONVERSION = YES;
				CLANG_WARN_DEPRECATED_OBJC_IMPLEMENTATIONS = YES;
				CLANG_WARN_DIRECT_OBJC_ISA_USAGE = YES_ERROR;
				CLANG_WARN_DOCUMENTATION_COMMENTS = YES;
				CLANG_WARN_EMPTY_BODY = YES;
				CLANG_WARN_ENUM_CONVERSION = YES;
				CLANG_WARN_INFINITE_RECURSION = YES;
				CLANG_WARN_INT_CONVERSION = YES;
				CLANG_WARN_NON_LITERAL_NULL_CONVERSION = YES;
				CLANG_WARN_OBJC_IMPLICIT_RETAIN_SELF = YES;
				CLANG_WARN_OBJC_LITERAL_CONVERSION = YES;
				CLANG_WARN_OBJC_ROOT_CLASS = YES_ERROR;
				CLANG_WARN_QUOTED_INCLUDE_IN_FRAMEWORK_HEADER = YES;
				CLANG_WARN_RANGE_LOOP_ANALYSIS = YES;
				CLANG_WARN_STRICT_PROTOTYPES = YES;
				CLANG_WARN_SUSPICIOUS_MOVE = YES;
				CLANG_WARN_UNGUARDED_AVAILABILITY = YES_AGGRESSIVE;
				CLANG_WARN_UNREACHABLE_CODE = YES;
				CLANG_WARN__DUPLICATE_METHOD_MATCH = YES;
				COPY_PHASE_STRIP = NO;
				DEBUG_INFORMATION_FORMAT = dwarf;
				DEVELOPMENT_TEAM = RKV4UP49S6;
				ENABLE_STRICT_OBJC_MSGSEND = YES;
				ENABLE_TESTABILITY = YES;
				ENABLE_USER_SCRIPT_SANDBOXING = YES;
				GCC_C_LANGUAGE_STANDARD = gnu17;
				GCC_DYNAMIC_NO_PIC = NO;
				GCC_NO_COMMON_BLOCKS = YES;
				GCC_OPTIMIZATION_LEVEL = 0;
				GCC_PREPROCESSOR_DEFINITIONS = (
					"DEBUG=1",
					"$(inherited)",
				);
				GCC_WARN_64_TO_32_BIT_CONVERSION = YES;
				GCC_WARN_ABOUT_RETURN_TYPE = YES_ERROR;
				GCC_WARN_UNDECLARED_SELECTOR = YES;
				GCC_WARN_UNINITIALIZED_AUTOS = YES_AGGRESSIVE;
				GCC_WARN_UNUSED_FUNCTION = YES;
				GCC_WARN_UNUSED_VARIABLE = YES;
				LOCALIZATION_PREFERS_STRING_CATALOGS = YES;
				MACOSX_DEPLOYMENT_TARGET = 26.2;
				MTL_ENABLE_DEBUG_INFO = INCLUDE_SOURCE;
				MTL_FAST_MATH = YES;
				ONLY_ACTIVE_ARCH = YES;
				SDKROOT = macosx;
				SWIFT_ACTIVE_COMPILATION_CONDITIONS = "DEBUG $(inherited)";
				SWIFT_OPTIMIZATION_LEVEL = "-Onone";
			};
			name = Debug;
		};
		BBADF4E72F65BAF800B05DEE /* Release */ = {
			isa = XCBuildConfiguration;
			buildSettings = {
				ALWAYS_SEARCH_USER_PATHS = NO;
				ASSETCATALOG_COMPILER_GENERATE_SWIFT_ASSET_SYMBOL_EXTENSIONS = YES;
				CLANG_ANALYZER_NONNULL = YES;
				CLANG_ANALYZER_NUMBER_OBJECT_CONVERSION = YES_AGGRESSIVE;
				CLANG_CXX_LANGUAGE_STANDARD = "gnu++20";
				CLANG_ENABLE_MODULES = YES;
				CLANG_ENABLE_OBJC_ARC = YES;
				CLANG_ENABLE_OBJC_WEAK = YES;
				CLANG_WARN_BLOCK_CAPTURE_AUTORELEASING = YES;
				CLANG_WARN_BOOL_CONVERSION = YES;
				CLANG_WARN_COMMA = YES;
				CLANG_WARN_CONSTANT_CONVERSION = YES;
				CLANG_WARN_DEPRECATED_OBJC_IMPLEMENTATIONS = YES;
				CLANG_WARN_DIRECT_OBJC_ISA_USAGE = YES_ERROR;
				CLANG_WARN_DOCUMENTATION_COMMENTS = YES;
				CLANG_WARN_EMPTY_BODY = YES;
				CLANG_WARN_ENUM_CONVERSION = YES;
				CLANG_WARN_INFINITE_RECURSION = YES;
				CLANG_WARN_INT_CONVERSION = YES;
				CLANG_WARN_NON_LITERAL_NULL_CONVERSION = YES;
				CLANG_WARN_OBJC_IMPLICIT_RETAIN_SELF = YES;
				CLANG_WARN_OBJC_LITERAL_CONVERSION = YES;
				CLANG_WARN_OBJC_ROOT_CLASS = YES_ERROR;
				CLANG_WARN_QUOTED_INCLUDE_IN_FRAMEWORK_HEADER = YES;
				CLANG_WARN_RANGE_LOOP_ANALYSIS = YES;
				CLANG_WARN_STRICT_PROTOTYPES = YES;
				CLANG_WARN_SUSPICIOUS_MOVE = YES;
				CLANG_WARN_UNGUARDED_AVAILABILITY = YES_AGGRESSIVE;
				CLANG_WARN_UNREACHABLE_CODE = YES;
				CLANG_WARN__DUPLICATE_METHOD_MATCH = YES;
				COPY_PHASE_STRIP = NO;
				DEBUG_INFORMATION_FORMAT = "dwarf-with-dsym";
				DEVELOPMENT_TEAM = RKV4UP49S6;
				ENABLE_NS_ASSERTIONS = NO;
				ENABLE_STRICT_OBJC_MSGSEND = YES;
				ENABLE_USER_SCRIPT_SANDBOXING = YES;
				GCC_C_LANGUAGE_STANDARD = gnu17;
				GCC_NO_COMMON_BLOCKS = YES;
				GCC_WARN_64_TO_32_BIT_CONVERSION = YES;
				GCC_WARN_ABOUT_RETURN_TYPE = YES_ERROR;
				GCC_WARN_UNDECLARED_SELECTOR = YES;
				GCC_WARN_UNINITIALIZED_AUTOS = YES_AGGRESSIVE;
				GCC_WARN_UNUSED_FUNCTION = YES;
				GCC_WARN_UNUSED_VARIABLE = YES;
				LOCALIZATION_PREFERS_STRING_CATALOGS = YES;
				MACOSX_DEPLOYMENT_TARGET = 26.2;
				MTL_ENABLE_DEBUG_INFO = NO;
				MTL_FAST_MATH = YES;
				SDKROOT = macosx;
				SWIFT_COMPILATION_MODE = wholemodule;
			};
			name = Release;
		};
		BBADF4E92F65BAF800B05DEE /* Debug */ = {
			isa = XCBuildConfiguration;
			buildSettings = {
				ASSETCATALOG_COMPILER_APPICON_NAME = AppIcon;
				ASSETCATALOG_COMPILER_GLOBAL_ACCENT_COLOR_NAME = AccentColor;
				CODE_SIGN_STYLE = Automatic;
				COMBINE_HIDPI_IMAGES = YES;
				CURRENT_PROJECT_VERSION = 1;
				DEVELOPMENT_TEAM = RKV4UP49S6;
				ENABLE_APP_SANDBOX = YES;
				ENABLE_HARDENED_RUNTIME = YES;
				ENABLE_INCOMING_NETWORK_CONNECTIONS = NO;
				ENABLE_OUTGOING_NETWORK_CONNECTIONS = NO;
				ENABLE_PREVIEWS = YES;
				ENABLE_RESOURCE_ACCESS_AUDIO_INPUT = NO;
				ENABLE_RESOURCE_ACCESS_BLUETOOTH = NO;
				ENABLE_RESOURCE_ACCESS_CALENDARS = NO;
				ENABLE_RESOURCE_ACCESS_CAMERA = NO;
				ENABLE_RESOURCE_ACCESS_CONTACTS = NO;
				ENABLE_RESOURCE_ACCESS_LOCATION = NO;
				ENABLE_RESOURCE_ACCESS_PRINTING = NO;
				ENABLE_RESOURCE_ACCESS_USB = NO;
				ENABLE_USER_SELECTED_FILES = readwrite;
				GENERATE_INFOPLIST_FILE = YES;
				INFOPLIST_KEY_LSApplicationCategoryType = "public.app-category.developer-tools";
				INFOPLIST_KEY_NSHumanReadableCopyright = "";
				LD_RUNPATH_SEARCH_PATHS = (
					"$(inherited)",
					"@executable_path/../Frameworks",
				);
				MACOSX_DEPLOYMENT_TARGET = 26.0;
				MARKETING_VERSION = 1.0;
				PRODUCT_BUNDLE_IDENTIFIER = com.createchsol.IconComposerLite;
				PRODUCT_NAME = "$(TARGET_NAME)";
				REGISTER_APP_GROUPS = YES;
				STRING_CATALOG_GENERATE_SYMBOLS = YES;
				SWIFT_APPROACHABLE_CONCURRENCY = YES;
				SWIFT_DEFAULT_ACTOR_ISOLATION = MainActor;
				SWIFT_EMIT_LOC_STRINGS = YES;
				SWIFT_UPCOMING_FEATURE_MEMBER_IMPORT_VISIBILITY = YES;
				SWIFT_VERSION = 5.0;
			};
			name = Debug;
		};
		BBADF4EA2F65BAF800B05DEE /* Release */ = {
			isa = XCBuildConfiguration;
			buildSettings = {
				ASSETCATALOG_COMPILER_APPICON_NAME = AppIcon;
				ASSETCATALOG_COMPILER_GLOBAL_ACCENT_COLOR_NAME = AccentColor;
				CODE_SIGN_STYLE = Automatic;
				COMBINE_HIDPI_IMAGES = YES;
				CURRENT_PROJECT_VERSION = 1;
				DEVELOPMENT_TEAM = RKV4UP49S6;
				ENABLE_APP_SANDBOX = YES;
				ENABLE_HARDENED_RUNTIME = YES;
				ENABLE_INCOMING_NETWORK_CONNECTIONS = NO;
				ENABLE_OUTGOING_NETWORK_CONNECTIONS = NO;
				ENABLE_PREVIEWS = YES;
				ENABLE_RESOURCE_ACCESS_AUDIO_INPUT = NO;
				ENABLE_RESOURCE_ACCESS_BLUETOOTH = NO;
				ENABLE_RESOURCE_ACCESS_CALENDARS = NO;
				ENABLE_RESOURCE_ACCESS_CAMERA = NO;
				ENABLE_RESOURCE_ACCESS_CONTACTS = NO;
				ENABLE_RESOURCE_ACCESS_LOCATION = NO;
				ENABLE_RESOURCE_ACCESS_PRINTING = NO;
				ENABLE_RESOURCE_ACCESS_USB = NO;
				ENABLE_USER_SELECTED_FILES = readwrite;
				GENERATE_INFOPLIST_FILE = YES;
				INFOPLIST_KEY_LSApplicationCategoryType = "public.app-category.developer-tools";
				INFOPLIST_KEY_NSHumanReadableCopyright = "";
				LD_RUNPATH_SEARCH_PATHS = (
					"$(inherited)",
					"@executable_path/../Frameworks",
				);
				MACOSX_DEPLOYMENT_TARGET = 26.0;
				MARKETING_VERSION = 1.0;
				PRODUCT_BUNDLE_IDENTIFIER = com.createchsol.IconComposerLite;
				PRODUCT_NAME = "$(TARGET_NAME)";
				REGISTER_APP_GROUPS = YES;
				STRING_CATALOG_GENERATE_SYMBOLS = YES;
				SWIFT_APPROACHABLE_CONCURRENCY = YES;
				SWIFT_DEFAULT_ACTOR_ISOLATION = MainActor;
				SWIFT_EMIT_LOC_STRINGS = YES;
				SWIFT_UPCOMING_FEATURE_MEMBER_IMPORT_VISIBILITY = YES;
				SWIFT_VERSION = 5.0;
			};
			name = Release;
		};
/* End XCBuildConfiguration section */

/* Begin XCConfigurationList section */
		BBADF4D82F65BAF600B05DEE /* Build configuration list for PBXProject "IconComposerLite" */ = {
			isa = XCConfigurationList;
			buildConfigurations = (
				BBADF4E62F65BAF800B05DEE /* Debug */,
				BBADF4E72F65BAF800B05DEE /* Release */,
			);
			defaultConfigurationIsVisible = 0;
			defaultConfigurationName = Release;
		};
		BBADF4E82F65BAF800B05DEE /* Build configuration list for PBXNativeTarget "IconComposerLite" */ = {
			isa = XCConfigurationList;
			buildConfigurations = (
				BBADF4E92F65BAF800B05DEE /* Debug */,
				BBADF4EA2F65BAF800B05DEE /* Release */,
			);
			defaultConfigurationIsVisible = 0;
			defaultConfigurationName = Release;
		};
/* End XCConfigurationList section */

/* Begin XCRemoteSwiftPackageReference section */
		BB7476892F66194D0033E084 /* XCRemoteSwiftPackageReference "EmojiPicker" */ = {
			isa = XCRemoteSwiftPackageReference;
			repositoryURL = "https://github.com/StewartLynch/EmojiPicker";
			requirement = {
				kind = upToNextMajorVersion;
				minimumVersion = 1.0.4;
			};
		};
		BB74768C2F66195F0033E084 /* XCRemoteSwiftPackageReference "SFSymbolPicker" */ = {
			isa = XCRemoteSwiftPackageReference;
			repositoryURL = "https://github.com/StewartLynch/SFSymbolPicker";
			requirement = {
				kind = upToNextMajorVersion;
				minimumVersion = 1.2.0;
			};
		};
		BBADF4EB2F65BB3E00B05DEE /* XCRemoteSwiftPackageReference "icon-generator" */ = {
			isa = XCRemoteSwiftPackageReference;
			repositoryURL = "https://github.com/schwa/icon-generator";
			requirement = {
				branch = main;
				kind = branch;
			};
		};
/* End XCRemoteSwiftPackageReference section */

/* Begin XCSwiftPackageProductDependency section */
		BB74768A2F66194D0033E084 /* EmojiPicker */ = {
			isa = XCSwiftPackageProductDependency;
			package = BB7476892F66194D0033E084 /* XCRemoteSwiftPackageReference "EmojiPicker" */;
			productName = EmojiPicker;
		};
		BB74768D2F66195F0033E084 /* SFSymbolPicker */ = {
			isa = XCSwiftPackageProductDependency;
			package = BB74768C2F66195F0033E084 /* XCRemoteSwiftPackageReference "SFSymbolPicker" */;
			productName = SFSymbolPicker;
		};
		BBADF4EC2F65BB3E00B05DEE /* IconComposerFormat */ = {
			isa = XCSwiftPackageProductDependency;
			package = BBADF4EB2F65BB3E00B05DEE /* XCRemoteSwiftPackageReference "icon-generator" */;
			productName = IconComposerFormat;
		};
		BBADF4EE2F65BB3E00B05DEE /* IconRendering */ = {
			isa = XCSwiftPackageProductDependency;
			package = BBADF4EB2F65BB3E00B05DEE /* XCRemoteSwiftPackageReference "icon-generator" */;
			productName = IconRendering;
		};
		BBADF4F02F65BB3E00B05DEE /* SVGRasterizer */ = {
			isa = XCSwiftPackageProductDependency;
			package = BBADF4EB2F65BB3E00B05DEE /* XCRemoteSwiftPackageReference "icon-generator" */;
			productName = SVGRasterizer;
		};
		BBADF4F22F65BB3E00B05DEE /* SVGXML */ = {
			isa = XCSwiftPackageProductDependency;
			package = BBADF4EB2F65BB3E00B05DEE /* XCRemoteSwiftPackageReference "icon-generator" */;
			productName = SVGXML;
		};
/* End XCSwiftPackageProductDependency section */
	};
	rootObject = BBADF4D52F65BAF600B05DEE /* Project object */;
}
